
Microsoft Visual Studio Solution File, Format Version 11.00
# Visual C++ Express 2010
Project("{8BC9CEB8-8B4A-11D0-8D11-00A0C91BC942}") = "Merger3d", "Merger3d\Merger3d.vcxproj", "{6BAA1C7C-F6A5-4168-8BCB-1D78EE50CBBE}"
EndProject
Global
	GlobalSection(SolutionConfigurationPlatforms) = preSolution
		Debug|Win32 = Debug|Win32
		Release|Win32 = Release|Win32
	EndGlobalSection
	GlobalSection(ProjectConfigurationPlatforms) = postSolution
		{6BAA1C7C-F6A5-4168-8BCB-1D78EE50CBBE}.Debug|Win32.ActiveCfg = Debug|Win32
		{6BAA1C7C-F6A5-4168-8BCB-1D78EE50CBBE}.Debug|Win32.Build.0 = Debug|Win32
		{6BAA1C7C-F6A5-4168-8BCB-1D78EE50CBBE}.Release|Win32.ActiveCfg = Release|Win32
		{6BAA1C7C-F6A5-4168-8BCB-1D78EE50CBBE}.Release|Win32.Build.0 = Release|Win32
	EndGlobalSection
	GlobalSection(SolutionProperties) = preSolution
		HideSolutionNode = FALSE
	EndGlobalSection
EndGlobal
